
Microsoft Visual Studio Solution File, Format Version 12.00
# Visual Studio Version 17
VisualStudioVersion = 17.13.35818.85 d17.13
MinimumVisualStudioVersion = 10.0.40219.1
Project("{FAE04EC0-301F-11D3-BF4B-00C04F79EFBC}") = "FreshlyBackendNew", "FreshlyBackendNew.csproj", "{73696D15-63D6-FBFE-2274-CB7C87FBC028}"
EndProject
Global
	GlobalSection(SolutionConfigurationPlatforms) = preSolution
		Debug|Any CPU = Debug|Any CPU
		Release|Any CPU = Release|Any CPU
	EndGlobalSection
	GlobalSection(ProjectConfigurationPlatforms) = postSolution
		{73696D15-63D6-FBFE-2274-CB7C87FBC028}.Debug|Any CPU.ActiveCfg = Debug|Any CPU
		{73696D15-63D6-FBFE-2274-CB7C87FBC028}.Debug|Any CPU.Build.0 = Debug|Any CPU
		{73696D15-63D6-FBFE-2274-CB7C87FBC028}.Release|Any CPU.ActiveCfg = Release|Any CPU
		{73696D15-63D6-FBFE-2274-CB7C87FBC028}.Release|Any CPU.Build.0 = Release|Any CPU
	EndGlobalSection
	GlobalSection(SolutionProperties) = preSolution
		HideSolutionNode = FALSE
	EndGlobalSection
	GlobalSection(ExtensibilityGlobals) = postSolution
		SolutionGuid = {5A59FD5A-876F-44A4-82CF-DB61658279D6}
	EndGlobalSection
EndGlobal
